
Microsoft Visual Studio Solution File, Format Version 12.00
# Visual Studio 15
VisualStudioVersion = 15.0.27428.2037
MinimumVisualStudioVersion = 10.0.40219.1
Project("{FAE04EC0-301F-11D3-BF4B-00C04F79EFBC}") = "Aula1105_Console", "Aula1105_Console\Aula1105_Console.csproj", "{A4F13628-247A-42E9-BFBD-9DA6520C1449}"
EndProject
Project("{FAE04EC0-301F-11D3-BF4B-00C04F79EFBC}") = "Aula1105_POO", "Aula1105_POO\Aula1105_POO.csproj", "{6D40D376-1972-491F-A95E-16B8AD8458D9}"
EndProject
Project("{FAE04EC0-301F-11D3-BF4B-00C04F79EFBC}") = "Aula1405_Interfaces", "Aula1405_Interfaces\Aula1405_Interfaces.csproj", "{7B56F0D9-1568-427B-B86C-0701D15D8420}"
EndProject
Project("{FAE04EC0-301F-11D3-BF4B-00C04F79EFBC}") = "Aula1805_Camadas", "Aula1805_Camadas\Aula1805_Camadas.csproj", "{4D64B3A8-127E-4857-9731-20713FB8C9D1}"
EndProject
Global
	GlobalSection(SolutionConfigurationPlatforms) = preSolution
		Debug|Any CPU = Debug|Any CPU
		Release|Any CPU = Release|Any CPU
	EndGlobalSection
	GlobalSection(ProjectConfigurationPlatforms) = postSolution
		{A4F13628-247A-42E9-BFBD-9DA6520C1449}.Debug|Any CPU.ActiveCfg = Debug|Any CPU
		{A4F13628-247A-42E9-BFBD-9DA6520C1449}.Debug|Any CPU.Build.0 = Debug|Any CPU
		{A4F13628-247A-42E9-BFBD-9DA6520C1449}.Release|Any CPU.ActiveCfg = Release|Any CPU
		{A4F13628-247A-42E9-BFBD-9DA6520C1449}.Release|Any CPU.Build.0 = Release|Any CPU
		{6D40D376-1972-491F-A95E-16B8AD8458D9}.Debug|Any CPU.ActiveCfg = Debug|Any CPU
		{6D40D376-1972-491F-A95E-16B8AD8458D9}.Debug|Any CPU.Build.0 = Debug|Any CPU
		{6D40D376-1972-491F-A95E-16B8AD8458D9}.Release|Any CPU.ActiveCfg = Release|Any CPU
		{6D40D376-1972-491F-A95E-16B8AD8458D9}.Release|Any CPU.Build.0 = Release|Any CPU
		{7B56F0D9-1568-427B-B86C-0701D15D8420}.Debug|Any CPU.ActiveCfg = Debug|Any CPU
		{7B56F0D9-1568-427B-B86C-0701D15D8420}.Debug|Any CPU.Build.0 = Debug|Any CPU
		{7B56F0D9-1568-427B-B86C-0701D15D8420}.Release|Any CPU.ActiveCfg = Release|Any CPU
		{7B56F0D9-1568-427B-B86C-0701D15D8420}.Release|Any CPU.Build.0 = Release|Any CPU
		{4D64B3A8-127E-4857-9731-20713FB8C9D1}.Debug|Any CPU.ActiveCfg = Debug|Any CPU
		{4D64B3A8-127E-4857-9731-20713FB8C9D1}.Debug|Any CPU.Build.0 = Debug|Any CPU
		{4D64B3A8-127E-4857-9731-20713FB8C9D1}.Release|Any CPU.ActiveCfg = Release|Any CPU
		{4D64B3A8-127E-4857-9731-20713FB8C9D1}.Release|Any CPU.Build.0 = Release|Any CPU
	EndGlobalSection
	GlobalSection(SolutionProperties) = preSolution
		HideSolutionNode = FALSE
	EndGlobalSection
	GlobalSection(ExtensibilityGlobals) = postSolution
		SolutionGuid = {55481570-9A51-4A73-AF26-EA06DB9596DE}
	EndGlobalSection
EndGlobal
